
Microsoft Visual Studio Solution File, Format Version 12.00
# Visual Studio Version 17
VisualStudioVersion = 17.2.32526.322
MinimumVisualStudioVersion = 10.0.40219.1
Project("{FAE04EC0-301F-11D3-BF4B-00C04F79EFBC}") = "VoVRant", "VoVRant.csproj", "{9904FD0E-289B-44EE-B333-E5549043BFAD}"
EndProject
Global
	GlobalSection(SolutionConfigurationPlatforms) = preSolution
		Debug|Any CPU = Debug|Any CPU
		Release|Any CPU = Release|Any CPU
	EndGlobalSection
	GlobalSection(ProjectConfigurationPlatforms) = postSolution
		{9904FD0E-289B-44EE-B333-E5549043BFAD}.Debug|Any CPU.ActiveCfg = Debug|Any CPU
		{9904FD0E-289B-44EE-B333-E5549043BFAD}.Debug|Any CPU.Build.0 = Debug|Any CPU
		{9904FD0E-289B-44EE-B333-E5549043BFAD}.Release|Any CPU.ActiveCfg = Release|Any CPU
		{9904FD0E-289B-44EE-B333-E5549043BFAD}.Release|Any CPU.Build.0 = Release|Any CPU
	EndGlobalSection
	GlobalSection(SolutionProperties) = preSolution
		HideSolutionNode = FALSE
	EndGlobalSection
	GlobalSection(ExtensibilityGlobals) = postSolution
		SolutionGuid = {BED1760D-374D-4C69-A2CA-22032B127E89}
	EndGlobalSection
EndGlobal
